
Microsoft Visual Studio Solution File, Format Version 12.00
# Visual Studio 15
VisualStudioVersion = 15.0.26608.5
MinimumVisualStudioVersion = 10.0.40219.1
Project("{9A19103F-16F7-4668-BE54-9A1E7A4F7556}") = "Nulobe.Api", "src\Nulobe.Api\Nulobe.Api.csproj", "{4A80D9C8-5225-4DD4-99D5-F6FDBD0A5F43}"
EndProject
Project("{2150E333-8FDC-42A3-9474-1A3956D46DE8}") = "src", "src", "{7730D72A-C982-4C1F-8D9E-AFB746108F31}"
EndProject
Project("{2150E333-8FDC-42A3-9474-1A3956D46DE8}") = "util", "util", "{FAD21DEF-BB75-4E10-9CE9-0F63F904A05E}"
EndProject
Project("{FAE04EC0-301F-11D3-BF4B-00C04F79EFBC}") = "Nulobe.DocumentDb.Client", "util\Nulobe.DocumentDb.Client\Nulobe.DocumentDb.Client.csproj", "{779F6F7E-0EAE-45A8-BD9D-069D8F75C0A3}"
EndProject
Project("{9A19103F-16F7-4668-BE54-9A1E7A4F7556}") = "Nulobe.Clients.Web.Host", "src\Nulobe.Clients.Web.Host\Nulobe.Clients.Web.Host.csproj", "{816F6B3A-2E30-4834-973F-0CC7BD5B137A}"
	ProjectSection(ProjectDependencies) = postProject
		{4A80D9C8-5225-4DD4-99D5-F6FDBD0A5F43} = {4A80D9C8-5225-4DD4-99D5-F6FDBD0A5F43}
	EndProjectSection
EndProject
Project("{2150E333-8FDC-42A3-9474-1A3956D46DE8}") = "config", "config", "{D3E42599-0D0D-4CC7-9797-0D88E21B3D2D}"
	ProjectSection(SolutionItems) = preProject
		config\appsettings.Shared.Countries.json = config\appsettings.Shared.Countries.json
		config\appsettings.Shared.Development.json = config\appsettings.Shared.Development.json
		config\appsettings.Shared.json = config\appsettings.Shared.json
	EndProjectSection
EndProject
Project("{2150E333-8FDC-42A3-9474-1A3956D46DE8}") = "tools", "tools", "{E0C7EFD9-9192-4986-9362-B139CA0F5FCD}"
EndProject
Project("{FAE04EC0-301F-11D3-BF4B-00C04F79EFBC}") = "Nulobe.Runner", "src\Nulobe.Runner\Nulobe.Runner.csproj", "{5C9147BB-18E0-4807-B338-321A0BDC3DF0}"
EndProject
Project("{FAE04EC0-301F-11D3-BF4B-00C04F79EFBC}") = "Nulobe.Framework", "src\Nulobe.Framework\Nulobe.Framework.csproj", "{C475CBF0-F2EF-4134-93D1-A20E5EA7B2E6}"
EndProject
Project("{FAE04EC0-301F-11D3-BF4B-00C04F79EFBC}") = "Nulobe.Microsoft.Extensions", "util\Nulobe.Microsoft.Extensions\Nulobe.Microsoft.Extensions.csproj", "{1ED50F87-B739-4391-9AC4-3B1D7AA2BA7B}"
EndProject
Project("{FAE04EC0-301F-11D3-BF4B-00C04F79EFBC}") = "Nulobe.Api.Core", "src\Nulobe.Api.Core\Nulobe.Api.Core.csproj", "{E4000C19-53A6-406D-9F8A-C6FCB19F76BA}"
EndProject
Project("{FAE04EC0-301F-11D3-BF4B-00C04F79EFBC}") = "Nulobe.Api.Quizlet", "src\Nulobe.Api.Quizlet\Nulobe.Api.Quizlet.csproj", "{95E7D1BA-51FC-4761-8302-4E7633C99AA9}"
EndProject
Project("{FAE04EC0-301F-11D3-BF4B-00C04F79EFBC}") = "Nulobe.System", "util\Nulobe.System\Nulobe.System.csproj", "{D8E0A60F-9F35-44A7-83A5-C0D3FADD1F83}"
EndProject
Project("{FAE04EC0-301F-11D3-BF4B-00C04F79EFBC}") = "Nulobe.Utility.Validation", "util\Nulobe.Utility.Validation\Nulobe.Utility.Validation.csproj", "{6EF93140-E726-41E7-A4BB-2AA572B686EF}"
EndProject
Project("{FAE04EC0-301F-11D3-BF4B-00C04F79EFBC}") = "Nulobe.Utility.Query", "util\Nulobe.Utility.Query\Nulobe.Utility.Query.csproj", "{2862DAAD-8EEA-497D-B0D3-EFA0DF94DED4}"
EndProject
Project("{FAE04EC0-301F-11D3-BF4B-00C04F79EFBC}") = "Nulobe.Utility", "util\Nulobe.Utility\Nulobe.Utility.csproj", "{6EC7606C-E64B-4729-A11C-CF7F1D445779}"
EndProject
Project("{FAE04EC0-301F-11D3-BF4B-00C04F79EFBC}") = "Nulobe.AutoMapper", "util\Nulobe.AutoMapper\Nulobe.AutoMapper.csproj", "{4CEEF981-6EED-42AA-AA9F-92A70791CEBA}"
EndProject
Global
	GlobalSection(SolutionConfigurationPlatforms) = preSolution
		Debug|x64 = Debug|x64
		Release|x64 = Release|x64
	EndGlobalSection
	GlobalSection(ProjectConfigurationPlatforms) = postSolution
		{4A80D9C8-5225-4DD4-99D5-F6FDBD0A5F43}.Debug|x64.ActiveCfg = Debug|x64
		{4A80D9C8-5225-4DD4-99D5-F6FDBD0A5F43}.Debug|x64.Build.0 = Debug|x64
		{4A80D9C8-5225-4DD4-99D5-F6FDBD0A5F43}.Release|x64.ActiveCfg = Release|x64
		{4A80D9C8-5225-4DD4-99D5-F6FDBD0A5F43}.Release|x64.Build.0 = Release|x64
		{779F6F7E-0EAE-45A8-BD9D-069D8F75C0A3}.Debug|x64.ActiveCfg = Debug|x64
		{779F6F7E-0EAE-45A8-BD9D-069D8F75C0A3}.Debug|x64.Build.0 = Debug|x64
		{779F6F7E-0EAE-45A8-BD9D-069D8F75C0A3}.Release|x64.ActiveCfg = Release|x64
		{779F6F7E-0EAE-45A8-BD9D-069D8F75C0A3}.Release|x64.Build.0 = Release|x64
		{816F6B3A-2E30-4834-973F-0CC7BD5B137A}.Debug|x64.ActiveCfg = Debug|x64
		{816F6B3A-2E30-4834-973F-0CC7BD5B137A}.Debug|x64.Build.0 = Debug|x64
		{816F6B3A-2E30-4834-973F-0CC7BD5B137A}.Release|x64.ActiveCfg = Release|x64
		{816F6B3A-2E30-4834-973F-0CC7BD5B137A}.Release|x64.Build.0 = Release|x64
		{5C9147BB-18E0-4807-B338-321A0BDC3DF0}.Debug|x64.ActiveCfg = Debug|x64
		{5C9147BB-18E0-4807-B338-321A0BDC3DF0}.Debug|x64.Build.0 = Debug|x64
		{5C9147BB-18E0-4807-B338-321A0BDC3DF0}.Release|x64.ActiveCfg = Release|x64
		{5C9147BB-18E0-4807-B338-321A0BDC3DF0}.Release|x64.Build.0 = Release|x64
		{C475CBF0-F2EF-4134-93D1-A20E5EA7B2E6}.Debug|x64.ActiveCfg = Debug|x64
		{C475CBF0-F2EF-4134-93D1-A20E5EA7B2E6}.Debug|x64.Build.0 = Debug|x64
		{C475CBF0-F2EF-4134-93D1-A20E5EA7B2E6}.Release|x64.ActiveCfg = Release|x64
		{C475CBF0-F2EF-4134-93D1-A20E5EA7B2E6}.Release|x64.Build.0 = Release|x64
		{1ED50F87-B739-4391-9AC4-3B1D7AA2BA7B}.Debug|x64.ActiveCfg = Debug|x64
		{1ED50F87-B739-4391-9AC4-3B1D7AA2BA7B}.Debug|x64.Build.0 = Debug|x64
		{1ED50F87-B739-4391-9AC4-3B1D7AA2BA7B}.Release|x64.ActiveCfg = Release|x64
		{1ED50F87-B739-4391-9AC4-3B1D7AA2BA7B}.Release|x64.Build.0 = Release|x64
		{E4000C19-53A6-406D-9F8A-C6FCB19F76BA}.Debug|x64.ActiveCfg = Debug|x64
		{E4000C19-53A6-406D-9F8A-C6FCB19F76BA}.Debug|x64.Build.0 = Debug|x64
		{E4000C19-53A6-406D-9F8A-C6FCB19F76BA}.Release|x64.ActiveCfg = Release|x64
		{E4000C19-53A6-406D-9F8A-C6FCB19F76BA}.Release|x64.Build.0 = Release|x64
		{95E7D1BA-51FC-4761-8302-4E7633C99AA9}.Debug|x64.ActiveCfg = Debug|x64
		{95E7D1BA-51FC-4761-8302-4E7633C99AA9}.Debug|x64.Build.0 = Debug|x64
		{95E7D1BA-51FC-4761-8302-4E7633C99AA9}.Release|x64.ActiveCfg = Release|x64
		{95E7D1BA-51FC-4761-8302-4E7633C99AA9}.Release|x64.Build.0 = Release|x64
		{D8E0A60F-9F35-44A7-83A5-C0D3FADD1F83}.Debug|x64.ActiveCfg = Debug|x64
		{D8E0A60F-9F35-44A7-83A5-C0D3FADD1F83}.Debug|x64.Build.0 = Debug|x64
		{D8E0A60F-9F35-44A7-83A5-C0D3FADD1F83}.Release|x64.ActiveCfg = Release|x64
		{D8E0A60F-9F35-44A7-83A5-C0D3FADD1F83}.Release|x64.Build.0 = Release|x64
		{6EF93140-E726-41E7-A4BB-2AA572B686EF}.Debug|x64.ActiveCfg = Debug|x64
		{6EF93140-E726-41E7-A4BB-2AA572B686EF}.Debug|x64.Build.0 = Debug|x64
		{6EF93140-E726-41E7-A4BB-2AA572B686EF}.Release|x64.ActiveCfg = Release|x64
		{6EF93140-E726-41E7-A4BB-2AA572B686EF}.Release|x64.Build.0 = Release|x64
		{2862DAAD-8EEA-497D-B0D3-EFA0DF94DED4}.Debug|x64.ActiveCfg = Debug|x64
		{2862DAAD-8EEA-497D-B0D3-EFA0DF94DED4}.Debug|x64.Build.0 = Debug|x64
		{2862DAAD-8EEA-497D-B0D3-EFA0DF94DED4}.Release|x64.ActiveCfg = Release|x64
		{2862DAAD-8EEA-497D-B0D3-EFA0DF94DED4}.Release|x64.Build.0 = Release|x64
		{6EC7606C-E64B-4729-A11C-CF7F1D445779}.Debug|x64.ActiveCfg = Debug|x64
		{6EC7606C-E64B-4729-A11C-CF7F1D445779}.Debug|x64.Build.0 = Debug|x64
		{6EC7606C-E64B-4729-A11C-CF7F1D445779}.Release|x64.ActiveCfg = Release|x64
		{6EC7606C-E64B-4729-A11C-CF7F1D445779}.Release|x64.Build.0 = Release|x64
		{4CEEF981-6EED-42AA-AA9F-92A70791CEBA}.Debug|x64.ActiveCfg = Debug|x64
		{4CEEF981-6EED-42AA-AA9F-92A70791CEBA}.Debug|x64.Build.0 = Debug|x64
		{4CEEF981-6EED-42AA-AA9F-92A70791CEBA}.Release|x64.ActiveCfg = Release|x64
		{4CEEF981-6EED-42AA-AA9F-92A70791CEBA}.Release|x64.Build.0 = Release|x64
	EndGlobalSection
	GlobalSection(SolutionProperties) = preSolution
		HideSolutionNode = FALSE
	EndGlobalSection
	GlobalSection(NestedProjects) = preSolution
		{4A80D9C8-5225-4DD4-99D5-F6FDBD0A5F43} = {7730D72A-C982-4C1F-8D9E-AFB746108F31}
		{779F6F7E-0EAE-45A8-BD9D-069D8F75C0A3} = {FAD21DEF-BB75-4E10-9CE9-0F63F904A05E}
		{816F6B3A-2E30-4834-973F-0CC7BD5B137A} = {7730D72A-C982-4C1F-8D9E-AFB746108F31}
		{5C9147BB-18E0-4807-B338-321A0BDC3DF0} = {E0C7EFD9-9192-4986-9362-B139CA0F5FCD}
		{C475CBF0-F2EF-4134-93D1-A20E5EA7B2E6} = {7730D72A-C982-4C1F-8D9E-AFB746108F31}
		{1ED50F87-B739-4391-9AC4-3B1D7AA2BA7B} = {FAD21DEF-BB75-4E10-9CE9-0F63F904A05E}
		{E4000C19-53A6-406D-9F8A-C6FCB19F76BA} = {7730D72A-C982-4C1F-8D9E-AFB746108F31}
		{95E7D1BA-51FC-4761-8302-4E7633C99AA9} = {7730D72A-C982-4C1F-8D9E-AFB746108F31}
		{D8E0A60F-9F35-44A7-83A5-C0D3FADD1F83} = {FAD21DEF-BB75-4E10-9CE9-0F63F904A05E}
		{6EF93140-E726-41E7-A4BB-2AA572B686EF} = {FAD21DEF-BB75-4E10-9CE9-0F63F904A05E}
		{2862DAAD-8EEA-497D-B0D3-EFA0DF94DED4} = {FAD21DEF-BB75-4E10-9CE9-0F63F904A05E}
		{6EC7606C-E64B-4729-A11C-CF7F1D445779} = {FAD21DEF-BB75-4E10-9CE9-0F63F904A05E}
		{4CEEF981-6EED-42AA-AA9F-92A70791CEBA} = {FAD21DEF-BB75-4E10-9CE9-0F63F904A05E}
	EndGlobalSection
EndGlobal
